// !$*UTF8*$!
{
	archiveVersion = 1;
	classes = {
	};
	objectVersion = 46;
	objects = {

/* Begin PBXBuildFile section */
		E236C9FC1F76CEF5002EB791 /* NewItemVC.swift in Sources */ = {isa = PBXBuildFile; fileRef = E236C9FB1F76CEF5002EB791 /* NewItemVC.swift */; };
		E2405C571F7481AC00F2EF49 /* AppDelegate.swift in Sources */ = {isa = PBXBuildFile; fileRef = E2405C561F7481AC00F2EF49 /* AppDelegate.swift */; };
		E2405C5C1F7481AC00F2EF49 /* Main.storyboard in Resources */ = {isa = PBXBuildFile; fileRef = E2405C5A1F7481AC00F2EF49 /* Main.storyboard */; };
		E2405C5F1F7481AC00F2EF49 /* Radford_Swaps.xcdatamodeld in Sources */ = {isa = PBXBuildFile; fileRef = E2405C5D1F7481AC00F2EF49 /* Radford_Swaps.xcdatamodeld */; };
		E2405C611F7481AC00F2EF49 /* Assets.xcassets in Resources */ = {isa = PBXBuildFile; fileRef = E2405C601F7481AC00F2EF49 /* Assets.xcassets */; };
		E2405C641F7481AC00F2EF49 /* LaunchScreen.storyboard in Resources */ = {isa = PBXBuildFile; fileRef = E2405C621F7481AC00F2EF49 /* LaunchScreen.storyboard */; };
		E2405C6C1F7481F100F2EF49 /* GoogleService-Info.plist in Resources */ = {isa = PBXBuildFile; fileRef = E2405C6B1F7481F100F2EF49 /* GoogleService-Info.plist */; };
		E2405C701F75715100F2EF49 /* DataManager.swift in Sources */ = {isa = PBXBuildFile; fileRef = E2405C6F1F75715100F2EF49 /* DataManager.swift */; };
		E24FAA171F7B17650073102B /* FeedCollectionVC.swift in Sources */ = {isa = PBXBuildFile; fileRef = E24FAA161F7B17650073102B /* FeedCollectionVC.swift */; };
		E24FAA1B1F7B40160073102B /* SaleItemCollectionViewCell.swift in Sources */ = {isa = PBXBuildFile; fileRef = E24FAA1A1F7B40160073102B /* SaleItemCollectionViewCell.swift */; };
		E24FAA1D1F7C80740073102B /* ItemCollection.swift in Sources */ = {isa = PBXBuildFile; fileRef = E24FAA1C1F7C80740073102B /* ItemCollection.swift */; };
		E25BC4AD1F83285E0054D6F5 /* SaleItemVC.swift in Sources */ = {isa = PBXBuildFile; fileRef = E25BC4AC1F83285E0054D6F5 /* SaleItemVC.swift */; };
		E2D1DCA11F79FCEA00891BA7 /* SaleItem.swift in Sources */ = {isa = PBXBuildFile; fileRef = E2D1DCA01F79FCEA00891BA7 /* SaleItem.swift */; };
		E2F890651F81314800CD479D /* ImageCompression.swift in Sources */ = {isa = PBXBuildFile; fileRef = E2F890641F81314800CD479D /* ImageCompression.swift */; };
		E5A86CDACBB9AFC30D3B62BF /* Pods_Radford_Swaps.framework in Frameworks */ = {isa = PBXBuildFile; fileRef = 766BDF60E175635C9ABF6A3C /* Pods_Radford_Swaps.framework */; };
/* End PBXBuildFile section */

/* Begin PBXFileReference section */
		4B66E270B7FF1EB9CBA04DB6 /* Pods-Radford Swaps.release.xcconfig */ = {isa = PBXFileReference; includeInIndex = 1; lastKnownFileType = text.xcconfig; name = "Pods-Radford Swaps.release.xcconfig"; path = "Pods/Target Support Files/Pods-Radford Swaps/Pods-Radford Swaps.release.xcconfig"; sourceTree = "<group>"; };
		766BDF60E175635C9ABF6A3C /* Pods_Radford_Swaps.framework */ = {isa = PBXFileReference; explicitFileType = wrapper.framework; includeInIndex = 0; path = Pods_Radford_Swaps.framework; sourceTree = BUILT_PRODUCTS_DIR; };
		E236C9FB1F76CEF5002EB791 /* NewItemVC.swift */ = {isa = PBXFileReference; fileEncoding = 4; lastKnownFileType = sourcecode.swift; path = NewItemVC.swift; sourceTree = "<group>"; };
		E2405C531F7481AC00F2EF49 /* Radford Swaps.app */ = {isa = PBXFileReference; explicitFileType = wrapper.application; includeInIndex = 0; path = "Radford Swaps.app"; sourceTree = BUILT_PRODUCTS_DIR; };
		E2405C561F7481AC00F2EF49 /* AppDelegate.swift */ = {isa = PBXFileReference; lastKnownFileType = sourcecode.swift; path = AppDelegate.swift; sourceTree = "<group>"; };
		E2405C5B1F7481AC00F2EF49 /* Base */ = {isa = PBXFileReference; lastKnownFileType = file.storyboard; name = Base; path = Base.lproj/Main.storyboard; sourceTree = "<group>"; };
		E2405C5E1F7481AC00F2EF49 /* Radford_Swaps.xcdatamodel */ = {isa = PBXFileReference; lastKnownFileType = wrapper.xcdatamodel; path = Radford_Swaps.xcdatamodel; sourceTree = "<group>"; };
		E2405C601F7481AC00F2EF49 /* Assets.xcassets */ = {isa = PBXFileReference; lastKnownFileType = folder.assetcatalog; path = Assets.xcassets; sourceTree = "<group>"; };
		E2405C631F7481AC00F2EF49 /* Base */ = {isa = PBXFileReference; lastKnownFileType = file.storyboard; name = Base; path = Base.lproj/LaunchScreen.storyboard; sourceTree = "<group>"; };
		E2405C651F7481AC00F2EF49 /* Info.plist */ = {isa = PBXFileReference; lastKnownFileType = text.plist.xml; path = Info.plist; sourceTree = "<group>"; };
		E2405C6B1F7481F100F2EF49 /* GoogleService-Info.plist */ = {isa = PBXFileReference; fileEncoding = 4; lastKnownFileType = text.plist.xml; path = "GoogleService-Info.plist"; sourceTree = "<group>"; };
		E2405C6F1F75715100F2EF49 /* DataManager.swift */ = {isa = PBXFileReference; fileEncoding = 4; lastKnownFileType = sourcecode.swift; path = DataManager.swift; sourceTree = "<group>"; };
		E24FAA161F7B17650073102B /* FeedCollectionVC.swift */ = {isa = PBXFileReference; fileEncoding = 4; lastKnownFileType = sourcecode.swift; path = FeedCollectionVC.swift; sourceTree = "<group>"; };
		E24FAA1A1F7B40160073102B /* SaleItemCollectionViewCell.swift */ = {isa = PBXFileReference; fileEncoding = 4; lastKnownFileType = sourcecode.swift; path = SaleItemCollectionViewCell.swift; sourceTree = "<group>"; };
		E24FAA1C1F7C80740073102B /* ItemCollection.swift */ = {isa = PBXFileReference; fileEncoding = 4; lastKnownFileType = sourcecode.swift; path = ItemCollection.swift; sourceTree = "<group>"; };
		E25BC4AC1F83285E0054D6F5 /* SaleItemVC.swift */ = {isa = PBXFileReference; lastKnownFileType = sourcecode.swift; path = SaleItemVC.swift; sourceTree = "<group>"; };
		E2D1DCA01F79FCEA00891BA7 /* SaleItem.swift */ = {isa = PBXFileReference; fileEncoding = 4; lastKnownFileType = sourcecode.swift; path = SaleItem.swift; sourceTree = "<group>"; };
		E2F890641F81314800CD479D /* ImageCompression.swift */ = {isa = PBXFileReference; lastKnownFileType = sourcecode.swift; path = ImageCompression.swift; sourceTree = "<group>"; };
		F7C26E0D5384E9D63237B3B2 /* Pods-Radford Swaps.debug.xcconfig */ = {isa = PBXFileReference; includeInIndex = 1; lastKnownFileType = text.xcconfig; name = "Pods-Radford Swaps.debug.xcconfig"; path = "Pods/Target Support Files/Pods-Radford Swaps/Pods-Radford Swaps.debug.xcconfig"; sourceTree = "<group>"; };
/* End PBXFileReference section */

/* Begin PBXFrameworksBuildPhase section */
		E2405C501F7481AC00F2EF49 /* Frameworks */ = {
			isa = PBXFrameworksBuildPhase;
			buildActionMask = 2147483647;
			files = (
				E5A86CDACBB9AFC30D3B62BF /* Pods_Radford_Swaps.framework in Frameworks */,
			);
			runOnlyForDeploymentPostprocessing = 0;
		};
/* End PBXFrameworksBuildPhase section */

/* Begin PBXGroup section */
		05230057DF039E863EB0F844 /* Pods */ = {
			isa = PBXGroup;
			children = (
				F7C26E0D5384E9D63237B3B2 /* Pods-Radford Swaps.debug.xcconfig */,
				4B66E270B7FF1EB9CBA04DB6 /* Pods-Radford Swaps.release.xcconfig */,
			);
			name = Pods;
			sourceTree = "<group>";
		};
		13E60030EAB86342218CB0B4 /* Frameworks */ = {
			isa = PBXGroup;
			children = (
				766BDF60E175635C9ABF6A3C /* Pods_Radford_Swaps.framework */,
			);
			name = Frameworks;
			sourceTree = "<group>";
		};
		E2405C4A1F7481AC00F2EF49 = {
			isa = PBXGroup;
			children = (
				E2405C551F7481AC00F2EF49 /* Radford Swaps */,
				E2405C541F7481AC00F2EF49 /* Products */,
				05230057DF039E863EB0F844 /* Pods */,
				13E60030EAB86342218CB0B4 /* Frameworks */,
			);
			sourceTree = "<group>";
		};
		E2405C541F7481AC00F2EF49 /* Products */ = {
			isa = PBXGroup;
			children = (
				E2405C531F7481AC00F2EF49 /* Radford Swaps.app */,
			);
			name = Products;
			sourceTree = "<group>";
		};
		E2405C551F7481AC00F2EF49 /* Radford Swaps */ = {
			isa = PBXGroup;
			children = (
				E2405C601F7481AC00F2EF49 /* Assets.xcassets */,
				E2D1DCA51F79FF8900891BA7 /* Data Structures */,
				E2D1DCA61F79FFB300891BA7 /* Important Stuff */,
				E2D1DCA71F79FFE400891BA7 /* StoryBoards */,
				E2D1DCA41F79FF6600891BA7 /* View Controllers */,
			);
			path = "Radford Swaps";
			sourceTree = "<group>";
		};
		E2D1DCA41F79FF6600891BA7 /* View Controllers */ = {
			isa = PBXGroup;
			children = (
				E236C9FB1F76CEF5002EB791 /* NewItemVC.swift */,
				E24FAA161F7B17650073102B /* FeedCollectionVC.swift */,
				E24FAA1A1F7B40160073102B /* SaleItemCollectionViewCell.swift */,
				E25BC4AC1F83285E0054D6F5 /* SaleItemVC.swift */,
			);
			name = "View Controllers";
			sourceTree = "<group>";
		};
		E2D1DCA51F79FF8900891BA7 /* Data Structures */ = {
			isa = PBXGroup;
			children = (
				E2405C6F1F75715100F2EF49 /* DataManager.swift */,
				E2D1DCA01F79FCEA00891BA7 /* SaleItem.swift */,
				E24FAA1C1F7C80740073102B /* ItemCollection.swift */,
				E2F890641F81314800CD479D /* ImageCompression.swift */,
			);
			name = "Data Structures";
			sourceTree = "<group>";
		};
		E2D1DCA61F79FFB300891BA7 /* Important Stuff */ = {
			isa = PBXGroup;
			children = (
				E2405C561F7481AC00F2EF49 /* AppDelegate.swift */,
				E2405C6B1F7481F100F2EF49 /* GoogleService-Info.plist */,
				E2405C651F7481AC00F2EF49 /* Info.plist */,
				E2405C5D1F7481AC00F2EF49 /* Radford_Swaps.xcdatamodeld */,
			);
			name = "Important Stuff";
			sourceTree = "<group>";
		};
		E2D1DCA71F79FFE400891BA7 /* StoryBoards */ = {
			isa = PBXGroup;
			children = (
				E2405C5A1F7481AC00F2EF49 /* Main.storyboard */,
				E2405C621F7481AC00F2EF49 /* LaunchScreen.storyboard */,
			);
			name = StoryBoards;
			sourceTree = "<group>";
		};
/* End PBXGroup section */

/* Begin PBXNativeTarget section */
		E2405C521F7481AC00F2EF49 /* Radford Swaps */ = {
			isa = PBXNativeTarget;
			buildConfigurationList = E2405C681F7481AC00F2EF49 /* Build configuration list for PBXNativeTarget "Radford Swaps" */;
			buildPhases = (
				EFE1E2F5F25BA64B861BD3A0 /* [CP] Check Pods Manifest.lock */,
				E2405C4F1F7481AC00F2EF49 /* Sources */,
				E2405C501F7481AC00F2EF49 /* Frameworks */,
				E2405C511F7481AC00F2EF49 /* Resources */,
				B3A2709962CBA76A00E03DD9 /* [CP] Embed Pods Frameworks */,
				BA7A24AC47537363D0B82D43 /* [CP] Copy Pods Resources */,
			);
			buildRules = (
			);
			dependencies = (
			);
			name = "Radford Swaps";
			productName = "Radford Swaps";
			productReference = E2405C531F7481AC00F2EF49 /* Radford Swaps.app */;
			productType = "com.apple.product-type.application";
		};
/* End PBXNativeTarget section */

/* Begin PBXProject section */
		E2405C4B1F7481AC00F2EF49 /* Project object */ = {
			isa = PBXProject;
			attributes = {
				LastSwiftUpdateCheck = 0830;
				LastUpgradeCheck = 0900;
				ORGANIZATIONNAME = "Tevin Scott";
				TargetAttributes = {
					E2405C521F7481AC00F2EF49 = {
						CreatedOnToolsVersion = 8.3.3;
						DevelopmentTeam = Z77JDD3BWU;
						LastSwiftMigration = 0900;
						ProvisioningStyle = Automatic;
					};
				};
			};
			buildConfigurationList = E2405C4E1F7481AC00F2EF49 /* Build configuration list for PBXProject "Radford Swaps" */;
			compatibilityVersion = "Xcode 3.2";
			developmentRegion = English;
			hasScannedForEncodings = 0;
			knownRegions = (
				en,
				Base,
			);
			mainGroup = E2405C4A1F7481AC00F2EF49;
			productRefGroup = E2405C541F7481AC00F2EF49 /* Products */;
			projectDirPath = "";
			projectRoot = "";
			targets = (
				E2405C521F7481AC00F2EF49 /* Radford Swaps */,
			);
		};
/* End PBXProject section */

/* Begin PBXResourcesBuildPhase section */
		E2405C511F7481AC00F2EF49 /* Resources */ = {
			isa = PBXResourcesBuildPhase;
			buildActionMask = 2147483647;
			files = (
				E2405C641F7481AC00F2EF49 /* LaunchScreen.storyboard in Resources */,
				E2405C6C1F7481F100F2EF49 /* GoogleService-Info.plist in Resources */,
				E2405C611F7481AC00F2EF49 /* Assets.xcassets in Resources */,
				E2405C5C1F7481AC00F2EF49 /* Main.storyboard in Resources */,
			);
			runOnlyForDeploymentPostprocessing = 0;
		};
/* End PBXResourcesBuildPhase section */

/* Begin PBXShellScriptBuildPhase section */
		B3A2709962CBA76A00E03DD9 /* [CP] Embed Pods Frameworks */ = {
			isa = PBXShellScriptBuildPhase;
			buildActionMask = 2147483647;
			files = (
			);
			inputPaths = (
			);
			name = "[CP] Embed Pods Frameworks";
			outputPaths = (
			);
			runOnlyForDeploymentPostprocessing = 0;
			shellPath = /bin/sh;
			shellScript = "\"${SRCROOT}/Pods/Target Support Files/Pods-Radford Swaps/Pods-Radford Swaps-frameworks.sh\"\n";
			showEnvVarsInLog = 0;
		};
		BA7A24AC47537363D0B82D43 /* [CP] Copy Pods Resources */ = {
			isa = PBXShellScriptBuildPhase;
			buildActionMask = 2147483647;
			files = (
			);
			inputPaths = (
			);
			name = "[CP] Copy Pods Resources";
			outputPaths = (
			);
			runOnlyForDeploymentPostprocessing = 0;
			shellPath = /bin/sh;
			shellScript = "\"${SRCROOT}/Pods/Target Support Files/Pods-Radford Swaps/Pods-Radford Swaps-resources.sh\"\n";
			showEnvVarsInLog = 0;
		};
		EFE1E2F5F25BA64B861BD3A0 /* [CP] Check Pods Manifest.lock */ = {
			isa = PBXShellScriptBuildPhase;
			buildActionMask = 2147483647;
			files = (
			);
			inputPaths = (
			);
			name = "[CP] Check Pods Manifest.lock";
			outputPaths = (
			);
			runOnlyForDeploymentPostprocessing = 0;
			shellPath = /bin/sh;
			shellScript = "diff \"${PODS_ROOT}/../Podfile.lock\" \"${PODS_ROOT}/Manifest.lock\" > /dev/null\nif [ $? != 0 ] ; then\n    # print error to STDERR\n    echo \"error: The sandbox is not in sync with the Podfile.lock. Run 'pod install' or update your CocoaPods installation.\" >&2\n    exit 1\nfi\n";
			showEnvVarsInLog = 0;
		};
/* End PBXShellScriptBuildPhase section */

/* Begin PBXSourcesBuildPhase section */
		E2405C4F1F7481AC00F2EF49 /* Sources */ = {
			isa = PBXSourcesBuildPhase;
			buildActionMask = 2147483647;
			files = (
				E25BC4AD1F83285E0054D6F5 /* SaleItemVC.swift in Sources */,
				E24FAA171F7B17650073102B /* FeedCollectionVC.swift in Sources */,
				E2F890651F81314800CD479D /* ImageCompression.swift in Sources */,
				E24FAA1B1F7B40160073102B /* SaleItemCollectionViewCell.swift in Sources */,
				E2405C701F75715100F2EF49 /* DataManager.swift in Sources */,
				E24FAA1D1F7C80740073102B /* ItemCollection.swift in Sources */,
				E236C9FC1F76CEF5002EB791 /* NewItemVC.swift in Sources */,
				E2405C5F1F7481AC00F2EF49 /* Radford_Swaps.xcdatamodeld in Sources */,
				E2D1DCA11F79FCEA00891BA7 /* SaleItem.swift in Sources */,
				E2405C571F7481AC00F2EF49 /* AppDelegate.swift in Sources */,
			);
			runOnlyForDeploymentPostprocessing = 0;
		};
/* End PBXSourcesBuildPhase section */

/* Begin PBXVariantGroup section */
		E2405C5A1F7481AC00F2EF49 /* Main.storyboard */ = {
			isa = PBXVariantGroup;
			children = (
				E2405C5B1F7481AC00F2EF49 /* Base */,
			);
			name = Main.storyboard;
			sourceTree = "<group>";
		};
		E2405C621F7481AC00F2EF49 /* LaunchScreen.storyboard */ = {
			isa = PBXVariantGroup;
			children = (
				E2405C631F7481AC00F2EF49 /* Base */,
			);
			name = LaunchScreen.storyboard;
			sourceTree = "<group>";
		};
/* End PBXVariantGroup section */

/* Begin XCBuildConfiguration section */
		E2405C661F7481AC00F2EF49 /* Debug */ = {
			isa = XCBuildConfiguration;
			buildSettings = {
				ALWAYS_SEARCH_USER_PATHS = NO;
				CLANG_ANALYZER_NONNULL = YES;
				CLANG_ANALYZER_NUMBER_OBJECT_CONVERSION = YES_AGGRESSIVE;
				CLANG_CXX_LANGUAGE_STANDARD = "gnu++0x";
				CLANG_CXX_LIBRARY = "libc++";
				CLANG_ENABLE_MODULES = YES;
				CLANG_ENABLE_OBJC_ARC = YES;
				CLANG_WARN_BLOCK_CAPTURE_AUTORELEASING = YES;
				CLANG_WARN_BOOL_CONVERSION = YES;
				CLANG_WARN_COMMA = YES;
				CLANG_WARN_CONSTANT_CONVERSION = YES;
				CLANG_WARN_DIRECT_OBJC_ISA_USAGE = YES_ERROR;
				CLANG_WARN_DOCUMENTATION_COMMENTS = YES;
				CLANG_WARN_EMPTY_BODY = YES;
				CLANG_WARN_ENUM_CONVERSION = YES;
				CLANG_WARN_INFINITE_RECURSION = YES;
				CLANG_WARN_INT_CONVERSION = YES;
				CLANG_WARN_NON_LITERAL_NULL_CONVERSION = YES;
				CLANG_WARN_OBJC_LITERAL_CONVERSION = YES;
				CLANG_WARN_OBJC_ROOT_CLASS = YES_ERROR;
				CLANG_WARN_RANGE_LOOP_ANALYSIS = YES;
				CLANG_WARN_STRICT_PROTOTYPES = YES;
				CLANG_WARN_SUSPICIOUS_MOVE = YES;
				CLANG_WARN_UNREACHABLE_CODE = YES;
				CLANG_WARN__DUPLICATE_METHOD_MATCH = YES;
				"CODE_SIGN_IDENTITY[sdk=iphoneos*]" = "iPhone Developer";
				COPY_PHASE_STRIP = NO;
				DEBUG_INFORMATION_FORMAT = dwarf;
				ENABLE_STRICT_OBJC_MSGSEND = YES;
				ENABLE_TESTABILITY = YES;
				GCC_C_LANGUAGE_STANDARD = gnu99;
				GCC_DYNAMIC_NO_PIC = NO;
				GCC_NO_COMMON_BLOCKS = YES;
				GCC_OPTIMIZATION_LEVEL = 0;
				GCC_PREPROCESSOR_DEFINITIONS = (
					"DEBUG=1",
					"$(inherited)",
				);
				GCC_WARN_64_TO_32_BIT_CONVERSION = YES;
				GCC_WARN_ABOUT_RETURN_TYPE = YES_ERROR;
				GCC_WARN_UNDECLARED_SELECTOR = YES;
				GCC_WARN_UNINITIALIZED_AUTOS = YES_AGGRESSIVE;
				GCC_WARN_UNUSED_FUNCTION = YES;
				GCC_WARN_UNUSED_VARIABLE = YES;
				IPHONEOS_DEPLOYMENT_TARGET = 10.3;
				MTL_ENABLE_DEBUG_INFO = YES;
				ONLY_ACTIVE_ARCH = YES;
				SDKROOT = iphoneos;
				SWIFT_ACTIVE_COMPILATION_CONDITIONS = DEBUG;
				SWIFT_OPTIMIZATION_LEVEL = "-Onone";
			};
			name = Debug;
		};
		E2405C671F7481AC00F2EF49 /* Release */ = {
			isa = XCBuildConfiguration;
			buildSettings = {
				ALWAYS_SEARCH_USER_PATHS = NO;
				CLANG_ANALYZER_NONNULL = YES;
				CLANG_ANALYZER_NUMBER_OBJECT_CONVERSION = YES_AGGRESSIVE;
				CLANG_CXX_LANGUAGE_STANDARD = "gnu++0x";
				CLANG_CXX_LIBRARY = "libc++";
				CLANG_ENABLE_MODULES = YES;
				CLANG_ENABLE_OBJC_ARC = YES;
				CLANG_WARN_BLOCK_CAPTURE_AUTORELEASING = YES;
				CLANG_WARN_BOOL_CONVERSION = YES;
				CLANG_WARN_COMMA = YES;
				CLANG_WARN_CONSTANT_CONVERSION = YES;
				CLANG_WARN_DIRECT_OBJC_ISA_USAGE = YES_ERROR;
				CLANG_WARN_DOCUMENTATION_COMMENTS = YES;
				CLANG_WARN_EMPTY_BODY = YES;
				CLANG_WARN_ENUM_CONVERSION = YES;
				CLANG_WARN_INFINITE_RECURSION = YES;
				CLANG_WARN_INT_CONVERSION = YES;
				CLANG_WARN_NON_LITERAL_NULL_CONVERSION = YES;
				CLANG_WARN_OBJC_LITERAL_CONVERSION = YES;
				CLANG_WARN_OBJC_ROOT_CLASS = YES_ERROR;
				CLANG_WARN_RANGE_LOOP_ANALYSIS = YES;
				CLANG_WARN_STRICT_PROTOTYPES = YES;
				CLANG_WARN_SUSPICIOUS_MOVE = YES;
				CLANG_WARN_UNREACHABLE_CODE = YES;
				CLANG_WARN__DUPLICATE_METHOD_MATCH = YES;
				"CODE_SIGN_IDENTITY[sdk=iphoneos*]" = "iPhone Developer";
				COPY_PHASE_STRIP = NO;
				DEBUG_INFORMATION_FORMAT = "dwarf-with-dsym";
				ENABLE_NS_ASSERTIONS = NO;
				ENABLE_STRICT_OBJC_MSGSEND = YES;
				GCC_C_LANGUAGE_STANDARD = gnu99;
				GCC_NO_COMMON_BLOCKS = YES;
				GCC_WARN_64_TO_32_BIT_CONVERSION = YES;
				GCC_WARN_ABOUT_RETURN_TYPE = YES_ERROR;
				GCC_WARN_UNDECLARED_SELECTOR = YES;
				GCC_WARN_UNINITIALIZED_AUTOS = YES_AGGRESSIVE;
				GCC_WARN_UNUSED_FUNCTION = YES;
				GCC_WARN_UNUSED_VARIABLE = YES;
				IPHONEOS_DEPLOYMENT_TARGET = 10.3;
				MTL_ENABLE_DEBUG_INFO = NO;
				SDKROOT = iphoneos;
				SWIFT_OPTIMIZATION_LEVEL = "-Owholemodule";
				VALIDATE_PRODUCT = YES;
			};
			name = Release;
		};
		E2405C691F7481AC00F2EF49 /* Debug */ = {
			isa = XCBuildConfiguration;
			baseConfigurationReference = F7C26E0D5384E9D63237B3B2 /* Pods-Radford Swaps.debug.xcconfig */;
			buildSettings = {
				ASSETCATALOG_COMPILER_APPICON_NAME = AppIcon;
				DEVELOPMENT_TEAM = Z77JDD3BWU;
				INFOPLIST_FILE = "Radford Swaps/Info.plist";
				LD_RUNPATH_SEARCH_PATHS = "$(inherited) @executable_path/Frameworks";
				PRODUCT_BUNDLE_IDENTIFIER = "Scotty.Radford-Swaps";
				PRODUCT_NAME = "$(TARGET_NAME)";
				SWIFT_SWIFT3_OBJC_INFERENCE = Off;
				SWIFT_VERSION = 4.0;
			};
			name = Debug;
		};
		E2405C6A1F7481AC00F2EF49 /* Release */ = {
			isa = XCBuildConfiguration;
			baseConfigurationReference = 4B66E270B7FF1EB9CBA04DB6 /* Pods-Radford Swaps.release.xcconfig */;
			buildSettings = {
				ASSETCATALOG_COMPILER_APPICON_NAME = AppIcon;
				DEVELOPMENT_TEAM = Z77JDD3BWU;
				INFOPLIST_FILE = "Radford Swaps/Info.plist";
				LD_RUNPATH_SEARCH_PATHS = "$(inherited) @executable_path/Frameworks";
				PRODUCT_BUNDLE_IDENTIFIER = "Scotty.Radford-Swaps";
				PRODUCT_NAME = "$(TARGET_NAME)";
				SWIFT_SWIFT3_OBJC_INFERENCE = Off;
				SWIFT_VERSION = 4.0;
			};
			name = Release;
		};
/* End XCBuildConfiguration section */

/* Begin XCConfigurationList section */
		E2405C4E1F7481AC00F2EF49 /* Build configuration list for PBXProject "Radford Swaps" */ = {
			isa = XCConfigurationList;
			buildConfigurations = (
				E2405C661F7481AC00F2EF49 /* Debug */,
				E2405C671F7481AC00F2EF49 /* Release */,
			);
			defaultConfigurationIsVisible = 0;
			defaultConfigurationName = Release;
		};
		E2405C681F7481AC00F2EF49 /* Build configuration list for PBXNativeTarget "Radford Swaps" */ = {
			isa = XCConfigurationList;
			buildConfigurations = (
				E2405C691F7481AC00F2EF49 /* Debug */,
				E2405C6A1F7481AC00F2EF49 /* Release */,
			);
			defaultConfigurationIsVisible = 0;
			defaultConfigurationName = Release;
		};
/* End XCConfigurationList section */

/* Begin XCVersionGroup section */
		E2405C5D1F7481AC00F2EF49 /* Radford_Swaps.xcdatamodeld */ = {
			isa = XCVersionGroup;
			children = (
				E2405C5E1F7481AC00F2EF49 /* Radford_Swaps.xcdatamodel */,
			);
			currentVersion = E2405C5E1F7481AC00F2EF49 /* Radford_Swaps.xcdatamodel */;
			path = Radford_Swaps.xcdatamodeld;
			sourceTree = "<group>";
			versionGroupType = wrapper.xcdatamodel;
		};
/* End XCVersionGroup section */
	};
	rootObject = E2405C4B1F7481AC00F2EF49 /* Project object */;
}
